
Microsoft Visual Studio Solution File, Format Version 12.00
# Visual Studio 15
VisualStudioVersion = 15.0.26730.10
MinimumVisualStudioVersion = 10.0.40219.1
Project("{FAE04EC0-301F-11D3-BF4B-00C04F79EFBC}") = "ClassLibrary1", "ClassLibrary1\ClassLibrary1.csproj", "{FD07F2B4-C6F1-422F-ACEF-164B40D627E9}"
EndProject
Project("{FAE04EC0-301F-11D3-BF4B-00C04F79EFBC}") = "CSharpDLLTest", "CSharpDLLTest\CSharpDLLTest.csproj", "{56F5DF71-7EE3-4503-AC1D-34F298A95659}"
EndProject
Project("{FAE04EC0-301F-11D3-BF4B-00C04F79EFBC}") = "DLLtest", "DLLtest\DLLtest.csproj", "{F19A8E02-621F-48B7-A1F0-21B32D4626CB}"
EndProject
Project("{8BC9CEB8-8B4A-11D0-8D11-00A0C91BC942}") = "Project2", "Project2\Project2.vcxproj", "{36D40FEC-3D5E-4DAE-B67D-5103EB272D0A}"
EndProject
Project("{FAE04EC0-301F-11D3-BF4B-00C04F79EFBC}") = "regeditConsole", "regeditConsole\regeditConsole.csproj", "{1E4FB94E-498F-4911-B639-B04E1B986846}"
EndProject
Global
	GlobalSection(SolutionConfigurationPlatforms) = preSolution
		Debug|Any CPU = Debug|Any CPU
		Debug|x64 = Debug|x64
		Debug|x86 = Debug|x86
		Release|Any CPU = Release|Any CPU
		Release|x64 = Release|x64
		Release|x86 = Release|x86
	EndGlobalSection
	GlobalSection(ProjectConfigurationPlatforms) = postSolution
		{FD07F2B4-C6F1-422F-ACEF-164B40D627E9}.Debug|Any CPU.ActiveCfg = Debug|Any CPU
		{FD07F2B4-C6F1-422F-ACEF-164B40D627E9}.Debug|Any CPU.Build.0 = Debug|Any CPU
		{FD07F2B4-C6F1-422F-ACEF-164B40D627E9}.Debug|x64.ActiveCfg = Debug|Any CPU
		{FD07F2B4-C6F1-422F-ACEF-164B40D627E9}.Debug|x64.Build.0 = Debug|Any CPU
		{FD07F2B4-C6F1-422F-ACEF-164B40D627E9}.Debug|x86.ActiveCfg = Debug|Any CPU
		{FD07F2B4-C6F1-422F-ACEF-164B40D627E9}.Debug|x86.Build.0 = Debug|Any CPU
		{FD07F2B4-C6F1-422F-ACEF-164B40D627E9}.Release|Any CPU.ActiveCfg = Release|Any CPU
		{FD07F2B4-C6F1-422F-ACEF-164B40D627E9}.Release|Any CPU.Build.0 = Release|Any CPU
		{FD07F2B4-C6F1-422F-ACEF-164B40D627E9}.Release|x64.ActiveCfg = Release|Any CPU
		{FD07F2B4-C6F1-422F-ACEF-164B40D627E9}.Release|x64.Build.0 = Release|Any CPU
		{FD07F2B4-C6F1-422F-ACEF-164B40D627E9}.Release|x86.ActiveCfg = Release|Any CPU
		{FD07F2B4-C6F1-422F-ACEF-164B40D627E9}.Release|x86.Build.0 = Release|Any CPU
		{56F5DF71-7EE3-4503-AC1D-34F298A95659}.Debug|Any CPU.ActiveCfg = Debug|Any CPU
		{56F5DF71-7EE3-4503-AC1D-34F298A95659}.Debug|Any CPU.Build.0 = Debug|Any CPU
		{56F5DF71-7EE3-4503-AC1D-34F298A95659}.Debug|x64.ActiveCfg = Debug|Any CPU
		{56F5DF71-7EE3-4503-AC1D-34F298A95659}.Debug|x64.Build.0 = Debug|Any CPU
		{56F5DF71-7EE3-4503-AC1D-34F298A95659}.Debug|x86.ActiveCfg = Debug|Any CPU
		{56F5DF71-7EE3-4503-AC1D-34F298A95659}.Debug|x86.Build.0 = Debug|Any CPU
		{56F5DF71-7EE3-4503-AC1D-34F298A95659}.Release|Any CPU.ActiveCfg = Release|Any CPU
		{56F5DF71-7EE3-4503-AC1D-34F298A95659}.Release|Any CPU.Build.0 = Release|Any CPU
		{56F5DF71-7EE3-4503-AC1D-34F298A95659}.Release|x64.ActiveCfg = Release|Any CPU
		{56F5DF71-7EE3-4503-AC1D-34F298A95659}.Release|x64.Build.0 = Release|Any CPU
		{56F5DF71-7EE3-4503-AC1D-34F298A95659}.Release|x86.ActiveCfg = Release|Any CPU
		{56F5DF71-7EE3-4503-AC1D-34F298A95659}.Release|x86.Build.0 = Release|Any CPU
		{F19A8E02-621F-48B7-A1F0-21B32D4626CB}.Debug|Any CPU.ActiveCfg = Debug|Any CPU
		{F19A8E02-621F-48B7-A1F0-21B32D4626CB}.Debug|Any CPU.Build.0 = Debug|Any CPU
		{F19A8E02-621F-48B7-A1F0-21B32D4626CB}.Debug|x64.ActiveCfg = Debug|Any CPU
		{F19A8E02-621F-48B7-A1F0-21B32D4626CB}.Debug|x64.Build.0 = Debug|Any CPU
		{F19A8E02-621F-48B7-A1F0-21B32D4626CB}.Debug|x86.ActiveCfg = Debug|Any CPU
		{F19A8E02-621F-48B7-A1F0-21B32D4626CB}.Debug|x86.Build.0 = Debug|Any CPU
		{F19A8E02-621F-48B7-A1F0-21B32D4626CB}.Release|Any CPU.ActiveCfg = Release|Any CPU
		{F19A8E02-621F-48B7-A1F0-21B32D4626CB}.Release|Any CPU.Build.0 = Release|Any CPU
		{F19A8E02-621F-48B7-A1F0-21B32D4626CB}.Release|x64.ActiveCfg = Release|Any CPU
		{F19A8E02-621F-48B7-A1F0-21B32D4626CB}.Release|x64.Build.0 = Release|Any CPU
		{F19A8E02-621F-48B7-A1F0-21B32D4626CB}.Release|x86.ActiveCfg = Release|Any CPU
		{F19A8E02-621F-48B7-A1F0-21B32D4626CB}.Release|x86.Build.0 = Release|Any CPU
		{36D40FEC-3D5E-4DAE-B67D-5103EB272D0A}.Debug|Any CPU.ActiveCfg = Debug|Win32
		{36D40FEC-3D5E-4DAE-B67D-5103EB272D0A}.Debug|x64.ActiveCfg = Debug|x64
		{36D40FEC-3D5E-4DAE-B67D-5103EB272D0A}.Debug|x64.Build.0 = Debug|x64
		{36D40FEC-3D5E-4DAE-B67D-5103EB272D0A}.Debug|x86.ActiveCfg = Debug|Win32
		{36D40FEC-3D5E-4DAE-B67D-5103EB272D0A}.Debug|x86.Build.0 = Debug|Win32
		{36D40FEC-3D5E-4DAE-B67D-5103EB272D0A}.Release|Any CPU.ActiveCfg = Release|Win32
		{36D40FEC-3D5E-4DAE-B67D-5103EB272D0A}.Release|x64.ActiveCfg = Release|x64
		{36D40FEC-3D5E-4DAE-B67D-5103EB272D0A}.Release|x64.Build.0 = Release|x64
		{36D40FEC-3D5E-4DAE-B67D-5103EB272D0A}.Release|x86.ActiveCfg = Release|Win32
		{36D40FEC-3D5E-4DAE-B67D-5103EB272D0A}.Release|x86.Build.0 = Release|Win32
		{1E4FB94E-498F-4911-B639-B04E1B986846}.Debug|Any CPU.ActiveCfg = Debug|Any CPU
		{1E4FB94E-498F-4911-B639-B04E1B986846}.Debug|Any CPU.Build.0 = Debug|Any CPU
		{1E4FB94E-498F-4911-B639-B04E1B986846}.Debug|x64.ActiveCfg = Debug|Any CPU
		{1E4FB94E-498F-4911-B639-B04E1B986846}.Debug|x64.Build.0 = Debug|Any CPU
		{1E4FB94E-498F-4911-B639-B04E1B986846}.Debug|x86.ActiveCfg = Debug|Any CPU
		{1E4FB94E-498F-4911-B639-B04E1B986846}.Debug|x86.Build.0 = Debug|Any CPU
		{1E4FB94E-498F-4911-B639-B04E1B986846}.Release|Any CPU.ActiveCfg = Release|Any CPU
		{1E4FB94E-498F-4911-B639-B04E1B986846}.Release|Any CPU.Build.0 = Release|Any CPU
		{1E4FB94E-498F-4911-B639-B04E1B986846}.Release|x64.ActiveCfg = Release|Any CPU
		{1E4FB94E-498F-4911-B639-B04E1B986846}.Release|x64.Build.0 = Release|Any CPU
		{1E4FB94E-498F-4911-B639-B04E1B986846}.Release|x86.ActiveCfg = Release|Any CPU
		{1E4FB94E-498F-4911-B639-B04E1B986846}.Release|x86.Build.0 = Release|Any CPU
	EndGlobalSection
	GlobalSection(SolutionProperties) = preSolution
		HideSolutionNode = FALSE
	EndGlobalSection
	GlobalSection(ExtensibilityGlobals) = postSolution
		SolutionGuid = {CE6C447D-2D18-43D6-9E86-AFAB7353A3D2}
	EndGlobalSection
EndGlobal
